<Solution>
  <Folder Name="/src/">
    <Project Path="src/SimLauncher.App/SimLauncher.App.csproj" />
    <Project Path="src/SimLauncher.Core/SimLauncher.Core.csproj" />
    <Project Path="src/SimLauncher.SimConnect/SimLauncher.SimConnect.csproj" />
  </Folder>
  <Folder Name="/tests/">
    <Project Path="tests/SimLauncher.Core.Tests/SimLauncher.Core.Tests.csproj" />
  </Folder>
</Solution>
